prayfile_lock = "1"
spec = "0.1"
generated_by = "pray 1.9.0"
manifest_hash = "sha256:bea3fa7a1a2db5874d7c6c04d50a92c27e289e050f0c729dc6b7581f674f6fbc"

[[source]]
name = "amkisko"
kind = "git"
url = "git+https://github.com/amkisko/prayers.git"
revision = "041c782cd7bf58b35c8d377423597ba0620a4809"

[[package]]
name = "amkisko/branch-naming"
version = "1.0.0"
path = "./.pray/cache/registry/774d23f2ff11d547/amkisko/branch-naming/1.0.0"
tree_hash = "sha256:f50538e28a0e4d573884c019210ce4cc650f692b2211802520e267ff18f30e9b"
artifact_hash = "sha256:f50538e28a0e4d573884c019210ce4cc650f692b2211802520e267ff18f30e9b"
artifact = "path:./.pray/cache/registry/774d23f2ff11d547/amkisko/branch-naming/1.0.0"
exports = ["branch-naming"]
dependencies = []

[[package]]
name = "amkisko/changelog-update"
version = "2.1.0"
path = "./.pray/cache/registry/1c5a0a8e85d87297/amkisko/changelog-update/2.1.0"
tree_hash = "sha256:06c805944f70fa6d3095d6378e5187d506f308119895f15dbc6eca25068646b2"
artifact_hash = "sha256:06c805944f70fa6d3095d6378e5187d506f308119895f15dbc6eca25068646b2"
artifact = "path:./.pray/cache/registry/1c5a0a8e85d87297/amkisko/changelog-update/2.1.0"
exports = ["skill"]
dependencies = []

[[package]]
name = "amkisko/claims-audit"
version = "1.0.0"
path = "./.pray/cache/registry/75e7d8b554d4b5b3/amkisko/claims-audit/1.0.0"
tree_hash = "sha256:83130ec7a9773f0712c1d8255f5043f976de83b338287693b91cb5845c501efd"
artifact_hash = "sha256:83130ec7a9773f0712c1d8255f5043f976de83b338287693b91cb5845c501efd"
artifact = "path:./.pray/cache/registry/75e7d8b554d4b5b3/amkisko/claims-audit/1.0.0"
exports = [
    "claims-audit",
    "skill",
]
dependencies = []

[[package]]
name = "amkisko/collaboration-workflow"
version = "2.1.0"
path = "./.pray/cache/registry/fe5ad292dcaccf2d/amkisko/collaboration-workflow/2.1.0"
tree_hash = "sha256:f12fa3ba5d786c3b32e8fc25e071ea9d34bb3e1d6236561e50c7b202269b40dd"
artifact_hash = "sha256:f12fa3ba5d786c3b32e8fc25e071ea9d34bb3e1d6236561e50c7b202269b40dd"
artifact = "path:./.pray/cache/registry/fe5ad292dcaccf2d/amkisko/collaboration-workflow/2.1.0"
exports = ["collaboration-workflow"]
dependencies = []

[[package]]
name = "amkisko/community-code-of-conduct"
version = "1.1.0"
path = "./.pray/cache/registry/a2e4898f8d8b0b4b/amkisko/community-code-of-conduct/1.1.0"
tree_hash = "sha256:71cc580018ba78c810089a221b4867b934ad82b17e06575e23daec528c3c32af"
artifact_hash = "sha256:71cc580018ba78c810089a221b4867b934ad82b17e06575e23daec528c3c32af"
artifact = "path:./.pray/cache/registry/a2e4898f8d8b0b4b/amkisko/community-code-of-conduct/1.1.0"
exports = ["code-of-conduct"]
dependencies = []

[[package]]
name = "amkisko/community-contributing"
version = "1.1.0"
path = "./.pray/cache/registry/7df07a8fb01d2bd8/amkisko/community-contributing/1.1.0"
tree_hash = "sha256:41fb0850422628dc5f33c8858ab20242ad522598916b4a27cffde95a61457908"
artifact_hash = "sha256:41fb0850422628dc5f33c8858ab20242ad522598916b4a27cffde95a61457908"
artifact = "path:./.pray/cache/registry/7df07a8fb01d2bd8/amkisko/community-contributing/1.1.0"
exports = ["contributing"]
dependencies = []

[[package]]
name = "amkisko/community-governance"
version = "1.1.0"
path = "./.pray/cache/registry/3fd919318c31849b/amkisko/community-governance/1.1.0"
tree_hash = "sha256:8022e773293dd45e46436e6a34310b8dd3674074bdfe9624e0f7a862b968be12"
artifact_hash = "sha256:8022e773293dd45e46436e6a34310b8dd3674074bdfe9624e0f7a862b968be12"
artifact = "path:./.pray/cache/registry/3fd919318c31849b/amkisko/community-governance/1.1.0"
exports = ["governance"]
dependencies = []

[[package]]
name = "amkisko/community-security"
version = "1.1.0"
path = "./.pray/cache/registry/519dcb63d87f18cf/amkisko/community-security/1.1.0"
tree_hash = "sha256:cc544ccf18e90e1eaee7c16eb35627a9b5809d6b504a99e0ef32b817d1aaacab"
artifact_hash = "sha256:cc544ccf18e90e1eaee7c16eb35627a9b5809d6b504a99e0ef32b817d1aaacab"
artifact = "path:./.pray/cache/registry/519dcb63d87f18cf/amkisko/community-security/1.1.0"
exports = ["security"]
dependencies = []

[[package]]
name = "amkisko/dependency-issues"
version = "2.1.0"
path = "./.pray/cache/registry/b85fd60163d654bd/amkisko/dependency-issues/2.1.0"
tree_hash = "sha256:9567ae50b1c7dcb0cd9a1e9c79c2767b87d52029670961cad8a0c6d30ab63ce3"
artifact_hash = "sha256:9567ae50b1c7dcb0cd9a1e9c79c2767b87d52029670961cad8a0c6d30ab63ce3"
artifact = "path:./.pray/cache/registry/b85fd60163d654bd/amkisko/dependency-issues/2.1.0"
exports = ["dependency-issues"]
dependencies = []

[[package]]
name = "amkisko/dependency-policy"
version = "3.1.0"
path = "./.pray/cache/registry/264db576f836790d/amkisko/dependency-policy/3.1.0"
tree_hash = "sha256:ab4171210bb877d550a9f547f4cde3f343709ddae6583adaee30c0ec0951225b"
artifact_hash = "sha256:ab4171210bb877d550a9f547f4cde3f343709ddae6583adaee30c0ec0951225b"
artifact = "path:./.pray/cache/registry/264db576f836790d/amkisko/dependency-policy/3.1.0"
exports = [
    "dependency-policy",
    "skill",
]
dependencies = []

[[package]]
name = "amkisko/docs-conventions"
version = "2.2.0"
path = "./.pray/cache/registry/9b6617700e1c0b6b/amkisko/docs-conventions/2.2.0"
tree_hash = "sha256:282866e139d879afe599b438caa5224133e5cc9f38159e772d9e63286e9c6a46"
artifact_hash = "sha256:282866e139d879afe599b438caa5224133e5cc9f38159e772d9e63286e9c6a46"
artifact = "path:./.pray/cache/registry/9b6617700e1c0b6b/amkisko/docs-conventions/2.2.0"
exports = ["docs-conventions"]
dependencies = []

[[package]]
name = "amkisko/engineering-audit"
version = "2.5.0"
path = "./.pray/cache/registry/2ab85840957ea18f/amkisko/engineering-audit/2.5.0"
tree_hash = "sha256:3915f8f1fbd734a040967d6eb84ada0c3fc1a3cf64e2252ec44b2a4a3b835a58"
artifact_hash = "sha256:3915f8f1fbd734a040967d6eb84ada0c3fc1a3cf64e2252ec44b2a4a3b835a58"
artifact = "path:./.pray/cache/registry/2ab85840957ea18f/amkisko/engineering-audit/2.5.0"
exports = ["skill"]
dependencies = []

[[package]]
name = "amkisko/finite-state-machines"
version = "1.1.0"
path = "./.pray/cache/registry/05b11d48563241e7/amkisko/finite-state-machines/1.1.0"
tree_hash = "sha256:2f907ba17439ae2cf6b5d89f5767bdfdc420a5b7c665f4ae420e2b892636d1b4"
artifact_hash = "sha256:2f907ba17439ae2cf6b5d89f5767bdfdc420a5b7c665f4ae420e2b892636d1b4"
artifact = "path:./.pray/cache/registry/05b11d48563241e7/amkisko/finite-state-machines/1.1.0"
exports = ["finite-state-machines"]
dependencies = []

[[package]]
name = "amkisko/io-simulation"
version = "1.1.0"
path = "./.pray/cache/registry/1f4faadfdde6122f/amkisko/io-simulation/1.1.0"
tree_hash = "sha256:516cf780a64f9227ad161cf5a141642dc66e496d3b3945a1c2e8dbaea83c1105"
artifact_hash = "sha256:516cf780a64f9227ad161cf5a141642dc66e496d3b3945a1c2e8dbaea83c1105"
artifact = "path:./.pray/cache/registry/1f4faadfdde6122f/amkisko/io-simulation/1.1.0"
exports = ["io-simulation"]
dependencies = []

[[package]]
name = "amkisko/minimal-implementation"
version = "1.1.0"
path = "./.pray/cache/registry/69c9c6797cc7389f/amkisko/minimal-implementation/1.1.0"
tree_hash = "sha256:74c3e981c8c6791a6b92f844ef9c3ccbfdf8f4b815239531a36a8e0252319ead"
artifact_hash = "sha256:74c3e981c8c6791a6b92f844ef9c3ccbfdf8f4b815239531a36a8e0252319ead"
artifact = "path:./.pray/cache/registry/69c9c6797cc7389f/amkisko/minimal-implementation/1.1.0"
exports = ["minimal-implementation"]
dependencies = []

[[package]]
name = "amkisko/preferred-stack"
version = "1.3.0"
path = "./.pray/cache/registry/40920628c0b7acd0/amkisko/preferred-stack/1.3.0"
tree_hash = "sha256:eb7113e44a8615b13a8c3e69260e22a6db570ef0e053b6ec634c274ffae827a6"
artifact_hash = "sha256:eb7113e44a8615b13a8c3e69260e22a6db570ef0e053b6ec634c274ffae827a6"
artifact = "path:./.pray/cache/registry/40920628c0b7acd0/amkisko/preferred-stack/1.3.0"
exports = ["preferred-stack"]
dependencies = []

[[package]]
name = "amkisko/publish-checks"
version = "1.0.0"
path = "./.pray/cache/registry/47b236cf8232eb47/amkisko/publish-checks/1.0.0"
tree_hash = "sha256:8c66048dbd559e5e9d90f084738eef9ff83f8e8cf870dff0ffd2e2fc7ae8a121"
artifact_hash = "sha256:8c66048dbd559e5e9d90f084738eef9ff83f8e8cf870dff0ffd2e2fc7ae8a121"
artifact = "path:./.pray/cache/registry/47b236cf8232eb47/amkisko/publish-checks/1.0.0"
exports = ["publish-checks"]
dependencies = []

[[package]]
name = "amkisko/rejected-changes"
version = "1.0.0"
path = "./.pray/cache/registry/f9c0c1da19f90778/amkisko/rejected-changes/1.0.0"
tree_hash = "sha256:c67d00c73127370733d1a11fe463634e7e8a59b3c3da47c1f578ba00f4b0d9fb"
artifact_hash = "sha256:c67d00c73127370733d1a11fe463634e7e8a59b3c3da47c1f578ba00f4b0d9fb"
artifact = "path:./.pray/cache/registry/f9c0c1da19f90778/amkisko/rejected-changes/1.0.0"
exports = ["rejected-changes"]
dependencies = []

[[package]]
name = "amkisko/rfc-process"
version = "1.2.0"
path = "./.pray/cache/registry/76faab11c3818572/amkisko/rfc-process/1.2.0"
tree_hash = "sha256:e3744ca258b957b69d0cea3de6ecb932c8c8b01cf3de512dce8030968b822ec2"
artifact_hash = "sha256:e3744ca258b957b69d0cea3de6ecb932c8c8b01cf3de512dce8030968b822ec2"
artifact = "path:./.pray/cache/registry/76faab11c3818572/amkisko/rfc-process/1.2.0"
exports = [
    "rfc-process",
    "skill",
]
dependencies = []

[[package]]
name = "amkisko/ruby-conventions"
version = "1.0.0"
path = "./.pray/cache/registry/58391f78b93f1843/amkisko/ruby-conventions/1.0.0"
tree_hash = "sha256:6885f2943f7fef23f8c70ccfd850875b39243a0344f71873dfdfd724928b2fce"
artifact_hash = "sha256:6885f2943f7fef23f8c70ccfd850875b39243a0344f71873dfdfd724928b2fce"
artifact = "path:./.pray/cache/registry/58391f78b93f1843/amkisko/ruby-conventions/1.0.0"
exports = ["ruby-conventions"]
dependencies = []

[[package]]
name = "amkisko/security"
version = "1.1.0"
path = "./.pray/cache/registry/72ee45e1b6a8ffcb/amkisko/security/1.1.0"
tree_hash = "sha256:93ec9c07590da2fd98cd0a3774fcd4158ff14151e51e16935c38341c82edb98e"
artifact_hash = "sha256:93ec9c07590da2fd98cd0a3774fcd4158ff14151e51e16935c38341c82edb98e"
artifact = "path:./.pray/cache/registry/72ee45e1b6a8ffcb/amkisko/security/1.1.0"
exports = ["security"]
dependencies = []

[[package]]
name = "amkisko/working-rules"
version = "2.1.0"
path = "./.pray/cache/registry/7053e34f6eed28b9/amkisko/working-rules/2.1.0"
tree_hash = "sha256:cc2aad76f93e24ce9a9dc541e2fd810f25a1d97cde738cbdde0eafda2c6ed2f0"
artifact_hash = "sha256:cc2aad76f93e24ce9a9dc541e2fd810f25a1d97cde738cbdde0eafda2c6ed2f0"
artifact = "path:./.pray/cache/registry/7053e34f6eed28b9/amkisko/working-rules/2.1.0"
exports = ["working-rules"]
dependencies = []

[[package]]
name = "amkisko/writing-prose"
version = "3.3.0"
path = "./.pray/cache/registry/241c6c126879a7e4/amkisko/writing-prose/3.3.0"
tree_hash = "sha256:39bf1e353bc174dab8c85a205e3fb6e650c1db827467a786d8355695abc6761d"
artifact_hash = "sha256:39bf1e353bc174dab8c85a205e3fb6e650c1db827467a786d8355695abc6761d"
artifact = "path:./.pray/cache/registry/241c6c126879a7e4/amkisko/writing-prose/3.3.0"
exports = ["writing-prose"]
dependencies = []

[[target]]
name = "compose:AGENTS.md"
outputs = ["AGENTS.md"]

[[target]]
name = "tree:.agents/skills"
outputs = []

[[managed_span]]
id = "9068e4a2"
target = "AGENTS.md"
open_line = 10
close_line = 24
ideal_checksum = "sha256:369a8b0c2dd742e71f4b243947eb206a7035fc183f6452e959ce291ef319eb4b"
package = "amkisko/working-rules"
export = "working-rules"
source_checksum = "sha256:cc2aad76f93e24ce9a9dc541e2fd810f25a1d97cde738cbdde0eafda2c6ed2f0"
silenced = false

[[managed_span]]
id = "781b7711"
target = "AGENTS.md"
open_line = 26
close_line = 39
ideal_checksum = "sha256:e6c07865fe56f2c47788de7176a40195230d6d1cec01bf394be32a6f2db12270"
package = "amkisko/security"
export = "security"
source_checksum = "sha256:93ec9c07590da2fd98cd0a3774fcd4158ff14151e51e16935c38341c82edb98e"
silenced = false

[[managed_span]]
id = "bfe6ff38"
target = "AGENTS.md"
open_line = 41
close_line = 48
ideal_checksum = "sha256:6a9cb20a745f714d2ec562f6a24c8ce96306fa716434016d84ee0eaf606e4c67"
package = "amkisko/docs-conventions"
export = "docs-conventions"
source_checksum = "sha256:282866e139d879afe599b438caa5224133e5cc9f38159e772d9e63286e9c6a46"
silenced = false

[[managed_span]]
id = "edcc5f67"
target = "AGENTS.md"
open_line = 50
close_line = 60
ideal_checksum = "sha256:7ca393c0af513f42cd0d1a488f41b9afc99c5273e6c6d606678c777c2e36c9b1"
package = "amkisko/dependency-issues"
export = "dependency-issues"
source_checksum = "sha256:9567ae50b1c7dcb0cd9a1e9c79c2767b87d52029670961cad8a0c6d30ab63ce3"
silenced = false

[[managed_span]]
id = "3ac5d6ce"
target = "AGENTS.md"
open_line = 62
close_line = 83
ideal_checksum = "sha256:8e32bf05ad32a5d976abf8b67206b9330b364c280f5326cdfcff09217435e2a5"
package = "amkisko/dependency-policy"
export = "dependency-policy"
source_checksum = "sha256:ab4171210bb877d550a9f547f4cde3f343709ddae6583adaee30c0ec0951225b"
silenced = false

[[managed_span]]
id = "ad13bd27"
target = "AGENTS.md"
open_line = 85
close_line = 90
ideal_checksum = "sha256:6f6ebcef3b789735b5659465916dbf0bc0021d401a4411046c52a996c8f3b0d5"
package = "amkisko/ruby-conventions"
export = "ruby-conventions"
source_checksum = "sha256:6885f2943f7fef23f8c70ccfd850875b39243a0344f71873dfdfd724928b2fce"
silenced = false

[[managed_span]]
id = "bf7304a6"
target = "AGENTS.md"
open_line = 92
close_line = 123
ideal_checksum = "sha256:7709baf062b7239f8597549407ed4c5d5c6074ad5202e948afe2bb0da0fe6d8d"
package = "amkisko/minimal-implementation"
export = "minimal-implementation"
source_checksum = "sha256:74c3e981c8c6791a6b92f844ef9c3ccbfdf8f4b815239531a36a8e0252319ead"
silenced = false

[[managed_span]]
id = "120c3507"
target = "AGENTS.md"
open_line = 125
close_line = 133
ideal_checksum = "sha256:867d45b68f8e1a83d16f8c6237bd632915872ca7480a7e2d45f1e44c9a7110db"
package = "amkisko/finite-state-machines"
export = "finite-state-machines"
source_checksum = "sha256:2f907ba17439ae2cf6b5d89f5767bdfdc420a5b7c665f4ae420e2b892636d1b4"
silenced = false

[[managed_span]]
id = "26f3566a"
target = "AGENTS.md"
open_line = 135
close_line = 155
ideal_checksum = "sha256:84171d8d31bd90000e5e5e7e3d38105a72f1fdb840745b3b5d321e6bea7736c4"
package = "amkisko/branch-naming"
export = "branch-naming"
source_checksum = "sha256:f50538e28a0e4d573884c019210ce4cc650f692b2211802520e267ff18f30e9b"
silenced = false

[[managed_span]]
id = "f528eeca"
target = "AGENTS.md"
open_line = 157
close_line = 168
ideal_checksum = "sha256:c1e16a0595866b2aa53e56ebf696fb6d8d90407b0b6da6e3a74996872404af8b"
package = "amkisko/preferred-stack"
export = "preferred-stack"
source_checksum = "sha256:eb7113e44a8615b13a8c3e69260e22a6db570ef0e053b6ec634c274ffae827a6"
silenced = false

[[managed_span]]
id = "d3b0d939"
target = "AGENTS.md"
open_line = 170
close_line = 181
ideal_checksum = "sha256:82b697e2d88b76e3f7a0cfb99ccd9ae248bd882eb0739e7bc7a09e8fb9c05a80"
package = "amkisko/io-simulation"
export = "io-simulation"
source_checksum = "sha256:516cf780a64f9227ad161cf5a141642dc66e496d3b3945a1c2e8dbaea83c1105"
silenced = false

[[managed_span]]
id = "ca94e22d"
target = "AGENTS.md"
open_line = 183
close_line = 193
ideal_checksum = "sha256:973ab605a8316b2a7c968b8782cc500d35f3d7a7c488d8ee4acac92dbba77b10"
package = "amkisko/writing-prose"
export = "writing-prose"
source_checksum = "sha256:39bf1e353bc174dab8c85a205e3fb6e650c1db827467a786d8355695abc6761d"
silenced = false

[[managed_span]]
id = "d893ab3d"
target = "AGENTS.md"
open_line = 195
close_line = 206
ideal_checksum = "sha256:41729a24268f7987286f7a33bc56bcc38146b69f1e0480221f1b8311597d822d"
package = "amkisko/claims-audit"
export = "claims-audit"
source_checksum = "sha256:83130ec7a9773f0712c1d8255f5043f976de83b338287693b91cb5845c501efd"
silenced = false

[[managed_span]]
id = "b1ea9b07"
target = "AGENTS.md"
open_line = 208
close_line = 214
ideal_checksum = "sha256:ea6994571493c1529de4dd8673b229e6f8becdb22ba026d308384065048f92bd"
package = "amkisko/rfc-process"
export = "rfc-process"
source_checksum = "sha256:e3744ca258b957b69d0cea3de6ecb932c8c8b01cf3de512dce8030968b822ec2"
silenced = false

[[managed_span]]
id = "08c294fb"
target = "AGENTS.md"
open_line = 216
close_line = 224
ideal_checksum = "sha256:4d97fabf0274428bc5dccc2e423f28f366514b53dcb1ef2af182671f454032ae"
package = "amkisko/rejected-changes"
export = "rejected-changes"
source_checksum = "sha256:c67d00c73127370733d1a11fe463634e7e8a59b3c3da47c1f578ba00f4b0d9fb"
silenced = false

[[managed_span]]
id = "2543c1cc"
target = "AGENTS.md"
open_line = 226
close_line = 230
ideal_checksum = "sha256:82b70dbc720021ec928295c93cf5ce82b0b80e07f58d20724d4ebf56bb55c83f"
package = "amkisko/publish-checks"
export = "publish-checks"
source_checksum = "sha256:8c66048dbd559e5e9d90f084738eef9ff83f8e8cf870dff0ffd2e2fc7ae8a121"
silenced = false

[[managed_span]]
id = "48e8a6b3"
target = "AGENTS.md"
open_line = 232
close_line = 239
ideal_checksum = "sha256:56599a65c111874dc069865bb465bc931ce2a28c6380e2a1abedffcc9add7086"
package = "amkisko/collaboration-workflow"
export = "collaboration-workflow"
source_checksum = "sha256:f12fa3ba5d786c3b32e8fc25e071ea9d34bb3e1d6236561e50c7b202269b40dd"
silenced = false
