prayfile_lock = "1"
spec = "0.1"
generated_by = "pray 0.2.0"
manifest_hash = "sha256:4dc7af2bbd8a9dc047ee29f39c2df303fa5926490d58f7111a1dd90b105bc3b8"

[[source]]
name = "amkisko"
kind = "git"
url = "git+https://github.com/amkisko/prayers"
revision = "8872ddeabd20fc388211ca8cdcae6fb6cca07879"

[[package]]
name = "amkisko/branch-naming"
version = "1.0.0"
source = "amkisko"
tree_hash = "sha256:f50538e28a0e4d573884c019210ce4cc650f692b2211802520e267ff18f30e9b"
artifact_hash = "sha256:f50538e28a0e4d573884c019210ce4cc650f692b2211802520e267ff18f30e9b"
artifact = "v1/artifacts/amkisko/branch-naming/1.0.0/amkisko-branch-naming-1.0.0.praypkg"
exports = ["branch-naming"]
dependencies = []

[[package]]
name = "amkisko/changelog-update"
version = "1.0.0"
source = "amkisko"
tree_hash = "sha256:59f60347608d35d7cdc76ecd7bfbc2a2164a9ffff765393588349fa8a27bc195"
artifact_hash = "sha256:59f60347608d35d7cdc76ecd7bfbc2a2164a9ffff765393588349fa8a27bc195"
artifact = "v1/artifacts/amkisko/changelog-update/1.0.0/amkisko-changelog-update-1.0.0.praypkg"
exports = ["skill"]
dependencies = []

[[package]]
name = "amkisko/collaboration-workflow"
version = "1.0.0"
source = "amkisko"
tree_hash = "sha256:b3da0e8a59eabcd0f9cfdd8f1cfa011fb7ec7967dd0413b48c75bbd664c2250a"
artifact_hash = "sha256:b3da0e8a59eabcd0f9cfdd8f1cfa011fb7ec7967dd0413b48c75bbd664c2250a"
artifact = "v1/artifacts/amkisko/collaboration-workflow/1.0.0/amkisko-collaboration-workflow-1.0.0.praypkg"
exports = ["collaboration-workflow"]
dependencies = []

[[package]]
name = "amkisko/dependency-issues"
version = "1.0.0"
source = "amkisko"
tree_hash = "sha256:a3bcbe4e7062d48ac961006510ae1d407cde8559968493b996e28a0e6dc3ce1a"
artifact_hash = "sha256:a3bcbe4e7062d48ac961006510ae1d407cde8559968493b996e28a0e6dc3ce1a"
artifact = "v1/artifacts/amkisko/dependency-issues/1.0.0/amkisko-dependency-issues-1.0.0.praypkg"
exports = ["dependency-issues"]
dependencies = []

[[package]]
name = "amkisko/dependency-policy"
version = "1.0.0"
source = "amkisko"
tree_hash = "sha256:df94df87736fc996d0509b55b951dbdcbbda9d5b4032f6f413e8412cffc97f53"
artifact_hash = "sha256:df94df87736fc996d0509b55b951dbdcbbda9d5b4032f6f413e8412cffc97f53"
artifact = "v1/artifacts/amkisko/dependency-policy/1.0.0/amkisko-dependency-policy-1.0.0.praypkg"
exports = [
    "dependency-policy",
    "skill",
]
dependencies = []

[[package]]
name = "amkisko/docs-conventions"
version = "1.0.0"
source = "amkisko"
tree_hash = "sha256:ca07b8e948ffe3e227d1ddfb7d9258eab9e5e5584a2817f72d3a7bdee652b754"
artifact_hash = "sha256:ca07b8e948ffe3e227d1ddfb7d9258eab9e5e5584a2817f72d3a7bdee652b754"
artifact = "v1/artifacts/amkisko/docs-conventions/1.0.0/amkisko-docs-conventions-1.0.0.praypkg"
exports = ["docs-conventions"]
dependencies = []

[[package]]
name = "amkisko/engineering-audit"
version = "1.0.0"
source = "amkisko"
tree_hash = "sha256:5e221fe8161748661cf171adc31968e6f4a9ac5ae010e74ec188c5e81885d456"
artifact_hash = "sha256:5e221fe8161748661cf171adc31968e6f4a9ac5ae010e74ec188c5e81885d456"
artifact = "v1/artifacts/amkisko/engineering-audit/1.0.0/amkisko-engineering-audit-1.0.0.praypkg"
exports = ["skill"]
dependencies = []

[[package]]
name = "amkisko/finite-state-machines"
version = "1.0.0"
source = "amkisko"
tree_hash = "sha256:86c27f8702620a790011c5ea31a244df38da6e35ff4aa76b5fbdddedc0e56101"
artifact_hash = "sha256:86c27f8702620a790011c5ea31a244df38da6e35ff4aa76b5fbdddedc0e56101"
artifact = "v1/artifacts/amkisko/finite-state-machines/1.0.0/amkisko-finite-state-machines-1.0.0.praypkg"
exports = ["finite-state-machines"]
dependencies = []

[[package]]
name = "amkisko/getting-started"
version = "1.0.0"
source = "amkisko"
tree_hash = "sha256:61432f6125fc9eef9e6781dd9116f125ca8e02e9e13d55313125c27cc2e35df1"
artifact_hash = "sha256:61432f6125fc9eef9e6781dd9116f125ca8e02e9e13d55313125c27cc2e35df1"
artifact = "v1/artifacts/amkisko/getting-started/1.0.0/amkisko-getting-started-1.0.0.praypkg"
exports = ["getting-started"]
dependencies = []

[[package]]
name = "amkisko/minimal-implementation"
version = "1.0.0"
source = "amkisko"
tree_hash = "sha256:e3e38bafa9bb022d5c3b1b0e3f904bab958b660fbcc22ff41140e6dc5e3537f7"
artifact_hash = "sha256:e3e38bafa9bb022d5c3b1b0e3f904bab958b660fbcc22ff41140e6dc5e3537f7"
artifact = "v1/artifacts/amkisko/minimal-implementation/1.0.0/amkisko-minimal-implementation-1.0.0.praypkg"
exports = ["minimal-implementation"]
dependencies = []

[[package]]
name = "amkisko/preferred-stack"
version = "1.0.0"
source = "amkisko"
tree_hash = "sha256:c9596653836b159598d923cd53130975e9e08646f341ffe7340fc44823fc202f"
artifact_hash = "sha256:c9596653836b159598d923cd53130975e9e08646f341ffe7340fc44823fc202f"
artifact = "v1/artifacts/amkisko/preferred-stack/1.0.0/amkisko-preferred-stack-1.0.0.praypkg"
exports = ["preferred-stack"]
dependencies = []

[[package]]
name = "amkisko/publish-checks"
version = "1.0.0"
source = "amkisko"
tree_hash = "sha256:8c66048dbd559e5e9d90f084738eef9ff83f8e8cf870dff0ffd2e2fc7ae8a121"
artifact_hash = "sha256:8c66048dbd559e5e9d90f084738eef9ff83f8e8cf870dff0ffd2e2fc7ae8a121"
artifact = "v1/artifacts/amkisko/publish-checks/1.0.0/amkisko-publish-checks-1.0.0.praypkg"
exports = ["publish-checks"]
dependencies = []

[[package]]
name = "amkisko/rejected-changes"
version = "1.0.0"
source = "amkisko"
tree_hash = "sha256:c67d00c73127370733d1a11fe463634e7e8a59b3c3da47c1f578ba00f4b0d9fb"
artifact_hash = "sha256:c67d00c73127370733d1a11fe463634e7e8a59b3c3da47c1f578ba00f4b0d9fb"
artifact = "v1/artifacts/amkisko/rejected-changes/1.0.0/amkisko-rejected-changes-1.0.0.praypkg"
exports = ["rejected-changes"]
dependencies = []

[[package]]
name = "amkisko/ruby-conventions"
version = "1.0.0"
source = "amkisko"
tree_hash = "sha256:6885f2943f7fef23f8c70ccfd850875b39243a0344f71873dfdfd724928b2fce"
artifact_hash = "sha256:6885f2943f7fef23f8c70ccfd850875b39243a0344f71873dfdfd724928b2fce"
artifact = "v1/artifacts/amkisko/ruby-conventions/1.0.0/amkisko-ruby-conventions-1.0.0.praypkg"
exports = ["ruby-conventions"]
dependencies = []

[[package]]
name = "amkisko/working-rules"
version = "1.0.0"
source = "amkisko"
tree_hash = "sha256:070a5431f32a86577ed860ab8d1d0a5f86142b2d2fc1fde1a064c1799926a114"
artifact_hash = "sha256:070a5431f32a86577ed860ab8d1d0a5f86142b2d2fc1fde1a064c1799926a114"
artifact = "v1/artifacts/amkisko/working-rules/1.0.0/amkisko-working-rules-1.0.0.praypkg"
exports = ["working-rules"]
dependencies = []

[[package]]
name = "amkisko/writing-prose"
version = "1.0.0"
source = "amkisko"
tree_hash = "sha256:58dfe61ecbba7953209370f141cec17f23110220b7b29a628c1183002bac5973"
artifact_hash = "sha256:58dfe61ecbba7953209370f141cec17f23110220b7b29a628c1183002bac5973"
artifact = "v1/artifacts/amkisko/writing-prose/1.0.0/amkisko-writing-prose-1.0.0.praypkg"
exports = ["writing-prose"]
dependencies = []

[[target]]
name = "agents"
outputs = ["AGENTS.md"]

[[managed_span]]
id = "5ef025d3"
target = "AGENTS.md"
open_line = 10
close_line = 25
ideal_checksum = "sha256:07b448d5f06a4f201d66b47346057490d07c20ea20f65a76099a98f9bfd4f55a"
package = "amkisko/working-rules"
export = "working-rules"
source_checksum = "sha256:070a5431f32a86577ed860ab8d1d0a5f86142b2d2fc1fde1a064c1799926a114"
silenced = false

[[managed_span]]
id = "9f724d55"
target = "AGENTS.md"
open_line = 27
close_line = 30
ideal_checksum = "sha256:2c8da45415aed6c5c5da25d57e93c3ec08ef5ebc5700dfc093779360c764e5ed"
package = "amkisko/docs-conventions"
export = "docs-conventions"
source_checksum = "sha256:ca07b8e948ffe3e227d1ddfb7d9258eab9e5e5584a2817f72d3a7bdee652b754"
silenced = false

[[managed_span]]
id = "062b8a8e"
target = "AGENTS.md"
open_line = 32
close_line = 42
ideal_checksum = "sha256:88be098fffe1e492f6e201cb89d27382792c52eb6ec0aa00347391281dcaf496"
package = "amkisko/dependency-issues"
export = "dependency-issues"
source_checksum = "sha256:a3bcbe4e7062d48ac961006510ae1d407cde8559968493b996e28a0e6dc3ce1a"
silenced = false

[[managed_span]]
id = "33096566"
target = "AGENTS.md"
open_line = 44
close_line = 100
ideal_checksum = "sha256:cebb2b66c1438f30da30690fa0766ef6aaf404f949709945a74ed468543d1ae2"
package = "amkisko/dependency-policy"
export = "dependency-policy"
source_checksum = "sha256:df94df87736fc996d0509b55b951dbdcbbda9d5b4032f6f413e8412cffc97f53"
silenced = false

[[managed_span]]
id = "7c468b51"
target = "AGENTS.md"
open_line = 102
close_line = 107
ideal_checksum = "sha256:6f6ebcef3b789735b5659465916dbf0bc0021d401a4411046c52a996c8f3b0d5"
package = "amkisko/ruby-conventions"
export = "ruby-conventions"
source_checksum = "sha256:6885f2943f7fef23f8c70ccfd850875b39243a0344f71873dfdfd724928b2fce"
silenced = false

[[managed_span]]
id = "b2a3d4d7"
target = "AGENTS.md"
open_line = 109
close_line = 138
ideal_checksum = "sha256:ee04ff26b9949efe86e603943ea0eddb78575f7c0358c92889545574442f1dfb"
package = "amkisko/minimal-implementation"
export = "minimal-implementation"
source_checksum = "sha256:e3e38bafa9bb022d5c3b1b0e3f904bab958b660fbcc22ff41140e6dc5e3537f7"
silenced = false

[[managed_span]]
id = "2b9051df"
target = "AGENTS.md"
open_line = 140
close_line = 145
ideal_checksum = "sha256:d6d50ec67564585d84bf1e51b616beb17953da7562c78471d4f460c191678d6f"
package = "amkisko/finite-state-machines"
export = "finite-state-machines"
source_checksum = "sha256:86c27f8702620a790011c5ea31a244df38da6e35ff4aa76b5fbdddedc0e56101"
silenced = false

[[managed_span]]
id = "7317586a"
target = "AGENTS.md"
open_line = 147
close_line = 167
ideal_checksum = "sha256:84171d8d31bd90000e5e5e7e3d38105a72f1fdb840745b3b5d321e6bea7736c4"
package = "amkisko/branch-naming"
export = "branch-naming"
source_checksum = "sha256:f50538e28a0e4d573884c019210ce4cc650f692b2211802520e267ff18f30e9b"
silenced = false

[[managed_span]]
id = "6aea78d0"
target = "AGENTS.md"
open_line = 169
close_line = 178
ideal_checksum = "sha256:1de2e913b542e3d4a85c004f7dce20d7cf24dbf9aab38b6f5b13a75bd9b7bb8a"
package = "amkisko/preferred-stack"
export = "preferred-stack"
source_checksum = "sha256:c9596653836b159598d923cd53130975e9e08646f341ffe7340fc44823fc202f"
silenced = false

[[managed_span]]
id = "c7597e52"
target = "AGENTS.md"
open_line = 180
close_line = 185
ideal_checksum = "sha256:4bdfcc6144261bedbb0a6b15dbde3dfd6def4cab06b95962cbcbf19de113d5b5"
package = "amkisko/writing-prose"
export = "writing-prose"
source_checksum = "sha256:58dfe61ecbba7953209370f141cec17f23110220b7b29a628c1183002bac5973"
silenced = false

[[managed_span]]
id = "8cf2baf2"
target = "AGENTS.md"
open_line = 187
close_line = 195
ideal_checksum = "sha256:4d97fabf0274428bc5dccc2e423f28f366514b53dcb1ef2af182671f454032ae"
package = "amkisko/rejected-changes"
export = "rejected-changes"
source_checksum = "sha256:c67d00c73127370733d1a11fe463634e7e8a59b3c3da47c1f578ba00f4b0d9fb"
silenced = false

[[managed_span]]
id = "e662c764"
target = "AGENTS.md"
open_line = 197
close_line = 201
ideal_checksum = "sha256:82b70dbc720021ec928295c93cf5ce82b0b80e07f58d20724d4ebf56bb55c83f"
package = "amkisko/publish-checks"
export = "publish-checks"
source_checksum = "sha256:8c66048dbd559e5e9d90f084738eef9ff83f8e8cf870dff0ffd2e2fc7ae8a121"
silenced = false

[[managed_span]]
id = "0b30e782"
target = "AGENTS.md"
open_line = 203
close_line = 210
ideal_checksum = "sha256:2b298a8db3c643afd1792ad6ed777cdde0a2dcaa2f49aa568d1d0935f7869c1c"
package = "amkisko/collaboration-workflow"
export = "collaboration-workflow"
source_checksum = "sha256:b3da0e8a59eabcd0f9cfdd8f1cfa011fb7ec7967dd0413b48c75bbd664c2250a"
silenced = false

[[managed_span]]
id = "5f23b29e"
target = "AGENTS.md"
open_line = 212
close_line = 243
ideal_checksum = "sha256:e66bf6f3e4681c4e3a4f627a95b5ede012cc37e34b3042a048c4d9fecc1baa24"
package = "amkisko/getting-started"
export = "getting-started"
source_checksum = "sha256:61432f6125fc9eef9e6781dd9116f125ca8e02e9e13d55313125c27cc2e35df1"
silenced = false
